
Microsoft Visual Studio Solution File, Format Version 12.00
# Visual Studio Version 17
VisualStudioVersion = 17.8.34330.188
MinimumVisualStudioVersion = 10.0.40219.1
Project("{FAE04EC0-301F-11D3-BF4B-00C04F79EFBC}") = "MovieTicketSellingApp", "MovieTicketSellingApp\MovieTicketSellingApp.csproj", "{368D0DE3-D6FA-4AC9-AA19-D1D877B976BE}"
EndProject
Global
	GlobalSection(SolutionConfigurationPlatforms) = preSolution
		Debug|Any CPU = Debug|Any CPU
		Release|Any CPU = Release|Any CPU
	EndGlobalSection
	GlobalSection(ProjectConfigurationPlatforms) = postSolution
		{368D0DE3-D6FA-4AC9-AA19-D1D877B976BE}.Debug|Any CPU.ActiveCfg = Debug|Any CPU
		{368D0DE3-D6FA-4AC9-AA19-D1D877B976BE}.Debug|Any CPU.Build.0 = Debug|Any CPU
		{368D0DE3-D6FA-4AC9-AA19-D1D877B976BE}.Release|Any CPU.ActiveCfg = Release|Any CPU
		{368D0DE3-D6FA-4AC9-AA19-D1D877B976BE}.Release|Any CPU.Build.0 = Release|Any CPU
	EndGlobalSection
	GlobalSection(SolutionProperties) = preSolution
		HideSolutionNode = FALSE
	EndGlobalSection
	GlobalSection(ExtensibilityGlobals) = postSolution
		SolutionGuid = {58CE2A92-83BE-47EA-A4D6-C49C84B03E1B}
	EndGlobalSection
EndGlobal
